
Microsoft Visual Studio Solution File, Format Version 12.00
Project("{FAE04EC0-301F-11D3-BF4B-00C04F79EFBC}") = "TestAccountCore", "TestAccountCore\TestAccountCore.csproj", "{24CE4189-F1C5-444E-A576-67EC6A19C09C}"
EndProject
Global
	GlobalSection(SolutionConfigurationPlatforms) = preSolution
		Debug|Any CPU = Debug|Any CPU
		Release|Any CPU = Release|Any CPU
	EndGlobalSection
	GlobalSection(ProjectConfigurationPlatforms) = postSolution
		{24CE4189-F1C5-444E-A576-67EC6A19C09C}.Debug|Any CPU.ActiveCfg = Debug|Any CPU
		{24CE4189-F1C5-444E-A576-67EC6A19C09C}.Debug|Any CPU.Build.0 = Debug|Any CPU
		{24CE4189-F1C5-444E-A576-67EC6A19C09C}.Release|Any CPU.ActiveCfg = Release|Any CPU
		{24CE4189-F1C5-444E-A576-67EC6A19C09C}.Release|Any CPU.Build.0 = Release|Any CPU
	EndGlobalSection
EndGlobal
